// !$*UTF8*$!
{
	archiveVersion = 1;
	classes = {
	};
	objectVersion = 51;
	objects = {

/* Begin PBXBuildFile section */
		7F0DCE26CC22FB8AE13F564B /* Pods_ScavengerHunt.framework in Frameworks */ = {isa = PBXBuildFile; fileRef = 5736E62E8776B0B7E70C20B1 /* Pods_ScavengerHunt.framework */; };
		EB4754E12565840B00311EB4 /* GeocacheController.swift in Sources */ = {isa = PBXBuildFile; fileRef = EB4754E02565840B00311EB4 /* GeocacheController.swift */; };
		EBCD2691256702E4006E7854 /* WebServices.swift in Sources */ = {isa = PBXBuildFile; fileRef = EBCD2690256702E4006E7854 /* WebServices.swift */; };
		EBCEA6C5255F37E600CF6656 /* AppDelegate.swift in Sources */ = {isa = PBXBuildFile; fileRef = EBCEA6C4255F37E600CF6656 /* AppDelegate.swift */; };
		EBCEA6C7255F37E600CF6656 /* SceneDelegate.swift in Sources */ = {isa = PBXBuildFile; fileRef = EBCEA6C6255F37E600CF6656 /* SceneDelegate.swift */; };
		EBCEA6C9255F37E600CF6656 /* ViewController.swift in Sources */ = {isa = PBXBuildFile; fileRef = EBCEA6C8255F37E600CF6656 /* ViewController.swift */; };
		EBCEA6CC255F37E600CF6656 /* Main.storyboard in Resources */ = {isa = PBXBuildFile; fileRef = EBCEA6CA255F37E600CF6656 /* Main.storyboard */; };
		EBCEA6CE255F37E600CF6656 /* Assets.xcassets in Resources */ = {isa = PBXBuildFile; fileRef = EBCEA6CD255F37E600CF6656 /* Assets.xcassets */; };
		EBCEA6D1255F37E600CF6656 /* LaunchScreen.storyboard in Resources */ = {isa = PBXBuildFile; fileRef = EBCEA6CF255F37E600CF6656 /* LaunchScreen.storyboard */; };
		EBCEA6DA255F384800CF6656 /* Database Controller.swift in Sources */ = {isa = PBXBuildFile; fileRef = EBCEA6D9255F384800CF6656 /* Database Controller.swift */; };
		EBCEA6DE255F38FF00CF6656 /* GeoCache.xcdatamodeld in Sources */ = {isa = PBXBuildFile; fileRef = EBCEA6DC255F38FF00CF6656 /* GeoCache.xcdatamodeld */; };
		EBD3FFD425649CC500CCBF28 /* LocationController.swift in Sources */ = {isa = PBXBuildFile; fileRef = EBD3FFD325649CC500CCBF28 /* LocationController.swift */; };
		EBD3FFD72564A22D00CCBF28 /* GeoCasheListViewController.swift in Sources */ = {isa = PBXBuildFile; fileRef = EBD3FFD62564A22D00CCBF28 /* GeoCasheListViewController.swift */; };
		EBD3FFDA2564A4C500CCBF28 /* GeoCacheCRUDViewController.swift in Sources */ = {isa = PBXBuildFile; fileRef = EBD3FFD92564A4C500CCBF28 /* GeoCacheCRUDViewController.swift */; };
		EBFFA4E4256728A400443EDE /* MapViewController.swift in Sources */ = {isa = PBXBuildFile; fileRef = EBFFA4E3256728A400443EDE /* MapViewController.swift */; };
		EBFFA4E725672A5400443EDE /* GeoCacheMapPin.swift in Sources */ = {isa = PBXBuildFile; fileRef = EBFFA4E625672A5400443EDE /* GeoCacheMapPin.swift */; };
/* End PBXBuildFile section */

/* Begin PBXFileReference section */
		5736E62E8776B0B7E70C20B1 /* Pods_ScavengerHunt.framework */ = {isa = PBXFileReference; explicitFileType = wrapper.framework; includeInIndex = 0; path = Pods_ScavengerHunt.framework; sourceTree = BUILT_PRODUCTS_DIR; };
		A272AB45A81EF9D834FC4984 /* Pods-ScavengerHunt.release.xcconfig */ = {isa = PBXFileReference; includeInIndex = 1; lastKnownFileType = text.xcconfig; name = "Pods-ScavengerHunt.release.xcconfig"; path = "Target Support Files/Pods-ScavengerHunt/Pods-ScavengerHunt.release.xcconfig"; sourceTree = "<group>"; };
		A3000C3AA25ABEA1213BC5F5 /* Pods-ScavengerHunt.debug.xcconfig */ = {isa = PBXFileReference; includeInIndex = 1; lastKnownFileType = text.xcconfig; name = "Pods-ScavengerHunt.debug.xcconfig"; path = "Target Support Files/Pods-ScavengerHunt/Pods-ScavengerHunt.debug.xcconfig"; sourceTree = "<group>"; };
		EB4754E02565840B00311EB4 /* GeocacheController.swift */ = {isa = PBXFileReference; lastKnownFileType = sourcecode.swift; path = GeocacheController.swift; sourceTree = "<group>"; };
		EBCD2690256702E4006E7854 /* WebServices.swift */ = {isa = PBXFileReference; lastKnownFileType = sourcecode.swift; path = WebServices.swift; sourceTree = "<group>"; };
		EBCEA6C1255F37E600CF6656 /* ScavengerHunt.app */ = {isa = PBXFileReference; explicitFileType = wrapper.application; includeInIndex = 0; path = ScavengerHunt.app; sourceTree = BUILT_PRODUCTS_DIR; };
		EBCEA6C4255F37E600CF6656 /* AppDelegate.swift */ = {isa = PBXFileReference; lastKnownFileType = sourcecode.swift; path = AppDelegate.swift; sourceTree = "<group>"; };
		EBCEA6C6255F37E600CF6656 /* SceneDelegate.swift */ = {isa = PBXFileReference; lastKnownFileType = sourcecode.swift; path = SceneDelegate.swift; sourceTree = "<group>"; };
		EBCEA6C8255F37E600CF6656 /* ViewController.swift */ = {isa = PBXFileReference; lastKnownFileType = sourcecode.swift; path = ViewController.swift; sourceTree = "<group>"; };
		EBCEA6CB255F37E600CF6656 /* Base */ = {isa = PBXFileReference; lastKnownFileType = file.storyboard; name = Base; path = Base.lproj/Main.storyboard; sourceTree = "<group>"; };
		EBCEA6CD255F37E600CF6656 /* Assets.xcassets */ = {isa = PBXFileReference; lastKnownFileType = folder.assetcatalog; path = Assets.xcassets; sourceTree = "<group>"; };
		EBCEA6D0255F37E600CF6656 /* Base */ = {isa = PBXFileReference; lastKnownFileType = file.storyboard; name = Base; path = Base.lproj/LaunchScreen.storyboard; sourceTree = "<group>"; };
		EBCEA6D2255F37E600CF6656 /* Info.plist */ = {isa = PBXFileReference; lastKnownFileType = text.plist.xml; path = Info.plist; sourceTree = "<group>"; };
		EBCEA6D9255F384800CF6656 /* Database Controller.swift */ = {isa = PBXFileReference; fileEncoding = 4; lastKnownFileType = sourcecode.swift; path = "Database Controller.swift"; sourceTree = "<group>"; };
		EBCEA6DD255F38FF00CF6656 /* GeoCache.xcdatamodel */ = {isa = PBXFileReference; lastKnownFileType = wrapper.xcdatamodel; path = GeoCache.xcdatamodel; sourceTree = "<group>"; };
		EBD3FFD325649CC500CCBF28 /* LocationController.swift */ = {isa = PBXFileReference; lastKnownFileType = sourcecode.swift; path = LocationController.swift; sourceTree = "<group>"; };
		EBD3FFD62564A22D00CCBF28 /* GeoCasheListViewController.swift */ = {isa = PBXFileReference; lastKnownFileType = sourcecode.swift; path = GeoCasheListViewController.swift; sourceTree = "<group>"; };
		EBD3FFD92564A4C500CCBF28 /* GeoCacheCRUDViewController.swift */ = {isa = PBXFileReference; lastKnownFileType = sourcecode.swift; path = GeoCacheCRUDViewController.swift; sourceTree = "<group>"; };
		EBFFA4E3256728A400443EDE /* MapViewController.swift */ = {isa = PBXFileReference; lastKnownFileType = sourcecode.swift; path = MapViewController.swift; sourceTree = "<group>"; };
		EBFFA4E625672A5400443EDE /* GeoCacheMapPin.swift */ = {isa = PBXFileReference; lastKnownFileType = sourcecode.swift; path = GeoCacheMapPin.swift; sourceTree = "<group>"; };
/* End PBXFileReference section */

/* Begin PBXFrameworksBuildPhase section */
		EBCEA6BE255F37E600CF6656 /* Frameworks */ = {
			isa = PBXFrameworksBuildPhase;
			buildActionMask = 2147483647;
			files = (
				7F0DCE26CC22FB8AE13F564B /* Pods_ScavengerHunt.framework in Frameworks */,
			);
			runOnlyForDeploymentPostprocessing = 0;
		};
/* End PBXFrameworksBuildPhase section */

/* Begin PBXGroup section */
		9CAD1440AB0D8F87590EAFD1 /* Frameworks */ = {
			isa = PBXGroup;
			children = (
				5736E62E8776B0B7E70C20B1 /* Pods_ScavengerHunt.framework */,
			);
			name = Frameworks;
			sourceTree = "<group>";
		};
		EBCEA6B8255F37E600CF6656 = {
			isa = PBXGroup;
			children = (
				EBCEA6C3255F37E600CF6656 /* ScavengerHunt */,
				EBCEA6C2255F37E600CF6656 /* Products */,
				EF37136987FBB5166E92E844 /* Pods */,
				9CAD1440AB0D8F87590EAFD1 /* Frameworks */,
			);
			sourceTree = "<group>";
		};
		EBCEA6C2255F37E600CF6656 /* Products */ = {
			isa = PBXGroup;
			children = (
				EBCEA6C1255F37E600CF6656 /* ScavengerHunt.app */,
			);
			name = Products;
			sourceTree = "<group>";
		};
		EBCEA6C3255F37E600CF6656 /* ScavengerHunt */ = {
			isa = PBXGroup;
			children = (
				EBCEA6C4255F37E600CF6656 /* AppDelegate.swift */,
				EBCEA6C6255F37E600CF6656 /* SceneDelegate.swift */,
				EBCEA6C8255F37E600CF6656 /* ViewController.swift */,
				EBCEA6D9255F384800CF6656 /* Database Controller.swift */,
				EBCEA6CA255F37E600CF6656 /* Main.storyboard */,
				EBCEA6CD255F37E600CF6656 /* Assets.xcassets */,
				EBCEA6CF255F37E600CF6656 /* LaunchScreen.storyboard */,
				EBCEA6D2255F37E600CF6656 /* Info.plist */,
				EBCEA6DC255F38FF00CF6656 /* GeoCache.xcdatamodeld */,
				EBD3FFD325649CC500CCBF28 /* LocationController.swift */,
				EBD3FFD62564A22D00CCBF28 /* GeoCasheListViewController.swift */,
				EBD3FFD92564A4C500CCBF28 /* GeoCacheCRUDViewController.swift */,
				EB4754E02565840B00311EB4 /* GeocacheController.swift */,
				EBCD2690256702E4006E7854 /* WebServices.swift */,
				EBFFA4E3256728A400443EDE /* MapViewController.swift */,
				EBFFA4E625672A5400443EDE /* GeoCacheMapPin.swift */,
			);
			path = ScavengerHunt;
			sourceTree = "<group>";
		};
		EF37136987FBB5166E92E844 /* Pods */ = {
			isa = PBXGroup;
			children = (
				A3000C3AA25ABEA1213BC5F5 /* Pods-ScavengerHunt.debug.xcconfig */,
				A272AB45A81EF9D834FC4984 /* Pods-ScavengerHunt.release.xcconfig */,
			);
			path = Pods;
			sourceTree = "<group>";
		};
/* End PBXGroup section */

/* Begin PBXNativeTarget section */
		EBCEA6C0255F37E600CF6656 /* ScavengerHunt */ = {
			isa = PBXNativeTarget;
			buildConfigurationList = EBCEA6D5255F37E600CF6656 /* Build configuration list for PBXNativeTarget "ScavengerHunt" */;
			buildPhases = (
				097431E04942AC0AFF899908 /* [CP] Check Pods Manifest.lock */,
				EBCEA6BD255F37E600CF6656 /* Sources */,
				EBCEA6BE255F37E600CF6656 /* Frameworks */,
				EBCEA6BF255F37E600CF6656 /* Resources */,
				34CEC7F48ED4088154707E22 /* [CP] Embed Pods Frameworks */,
			);
			buildRules = (
			);
			dependencies = (
			);
			name = ScavengerHunt;
			productName = ScavengerHunt;
			productReference = EBCEA6C1255F37E600CF6656 /* ScavengerHunt.app */;
			productType = "com.apple.product-type.application";
		};
/* End PBXNativeTarget section */

/* Begin PBXProject section */
		EBCEA6B9255F37E600CF6656 /* Project object */ = {
			isa = PBXProject;
			attributes = {
				LastSwiftUpdateCheck = 1210;
				LastUpgradeCheck = 1210;
				TargetAttributes = {
					EBCEA6C0255F37E600CF6656 = {
						CreatedOnToolsVersion = 12.1;
					};
				};
			};
			buildConfigurationList = EBCEA6BC255F37E600CF6656 /* Build configuration list for PBXProject "ScavengerHunt" */;
			compatibilityVersion = "Xcode 9.3";
			developmentRegion = en;
			hasScannedForEncodings = 0;
			knownRegions = (
				en,
				Base,
			);
			mainGroup = EBCEA6B8255F37E600CF6656;
			productRefGroup = EBCEA6C2255F37E600CF6656 /* Products */;
			projectDirPath = "";
			projectRoot = "";
			targets = (
				EBCEA6C0255F37E600CF6656 /* ScavengerHunt */,
			);
		};
/* End PBXProject section */

/* Begin PBXResourcesBuildPhase section */
		EBCEA6BF255F37E600CF6656 /* Resources */ = {
			isa = PBXResourcesBuildPhase;
			buildActionMask = 2147483647;
			files = (
				EBCEA6D1255F37E600CF6656 /* LaunchScreen.storyboard in Resources */,
				EBCEA6CE255F37E600CF6656 /* Assets.xcassets in Resources */,
				EBCEA6CC255F37E600CF6656 /* Main.storyboard in Resources */,
			);
			runOnlyForDeploymentPostprocessing = 0;
		};
/* End PBXResourcesBuildPhase section */

/* Begin PBXShellScriptBuildPhase section */
		097431E04942AC0AFF899908 /* [CP] Check Pods Manifest.lock */ = {
			isa = PBXShellScriptBuildPhase;
			buildActionMask = 2147483647;
			files = (
			);
			inputFileListPaths = (
			);
			inputPaths = (
				"${PODS_PODFILE_DIR_PATH}/Podfile.lock",
				"${PODS_ROOT}/Manifest.lock",
			);
			name = "[CP] Check Pods Manifest.lock";
			outputFileListPaths = (
			);
			outputPaths = (
				"$(DERIVED_FILE_DIR)/Pods-ScavengerHunt-checkManifestLockResult.txt",
			);
			runOnlyForDeploymentPostprocessing = 0;
			shellPath = /bin/sh;
			shellScript = "diff \"${PODS_PODFILE_DIR_PATH}/Podfile.lock\" \"${PODS_ROOT}/Manifest.lock\" > /dev/null\nif [ $? != 0 ] ; then\n    # print error to STDERR\n    echo \"error: The sandbox is not in sync with the Podfile.lock. Run 'pod install' or update your CocoaPods installation.\" >&2\n    exit 1\nfi\n# This output is used by Xcode 'outputs' to avoid re-running this script phase.\necho \"SUCCESS\" > \"${SCRIPT_OUTPUT_FILE_0}\"\n";
			showEnvVarsInLog = 0;
		};
		34CEC7F48ED4088154707E22 /* [CP] Embed Pods Frameworks */ = {
			isa = PBXShellScriptBuildPhase;
			buildActionMask = 2147483647;
			files = (
			);
			inputFileListPaths = (
				"${PODS_ROOT}/Target Support Files/Pods-ScavengerHunt/Pods-ScavengerHunt-frameworks-${CONFIGURATION}-input-files.xcfilelist",
			);
			name = "[CP] Embed Pods Frameworks";
			outputFileListPaths = (
				"${PODS_ROOT}/Target Support Files/Pods-ScavengerHunt/Pods-ScavengerHunt-frameworks-${CONFIGURATION}-output-files.xcfilelist",
			);
			runOnlyForDeploymentPostprocessing = 0;
			shellPath = /bin/sh;
			shellScript = "\"${PODS_ROOT}/Target Support Files/Pods-ScavengerHunt/Pods-ScavengerHunt-frameworks.sh\"\n";
			showEnvVarsInLog = 0;
		};
/* End PBXShellScriptBuildPhase section */

/* Begin PBXSourcesBuildPhase section */
		EBCEA6BD255F37E600CF6656 /* Sources */ = {
			isa = PBXSourcesBuildPhase;
			buildActionMask = 2147483647;
			files = (
				EBFFA4E4256728A400443EDE /* MapViewController.swift in Sources */,
				EBD3FFD72564A22D00CCBF28 /* GeoCasheListViewController.swift in Sources */,
				EBCEA6C9255F37E600CF6656 /* ViewController.swift in Sources */,
				EBCEA6DE255F38FF00CF6656 /* GeoCache.xcdatamodeld in Sources */,
				EB4754E12565840B00311EB4 /* GeocacheController.swift in Sources */,
				EBCEA6DA255F384800CF6656 /* Database Controller.swift in Sources */,
				EBCEA6C5255F37E600CF6656 /* AppDelegate.swift in Sources */,
				EBCD2691256702E4006E7854 /* WebServices.swift in Sources */,
				EBD3FFD425649CC500CCBF28 /* LocationController.swift in Sources */,
				EBD3FFDA2564A4C500CCBF28 /* GeoCacheCRUDViewController.swift in Sources */,
				EBCEA6C7255F37E600CF6656 /* SceneDelegate.swift in Sources */,
				EBFFA4E725672A5400443EDE /* GeoCacheMapPin.swift in Sources */,
			);
			runOnlyForDeploymentPostprocessing = 0;
		};
/* End PBXSourcesBuildPhase section */

/* Begin PBXVariantGroup section */
		EBCEA6CA255F37E600CF6656 /* Main.storyboard */ = {
			isa = PBXVariantGroup;
			children = (
				EBCEA6CB255F37E600CF6656 /* Base */,
			);
			name = Main.storyboard;
			sourceTree = "<group>";
		};
		EBCEA6CF255F37E600CF6656 /* LaunchScreen.storyboard */ = {
			isa = PBXVariantGroup;
			children = (
				EBCEA6D0255F37E600CF6656 /* Base */,
			);
			name = LaunchScreen.storyboard;
			sourceTree = "<group>";
		};
/* End PBXVariantGroup section */

/* Begin XCBuildConfiguration section */
		EBCEA6D3255F37E600CF6656 /* Debug */ = {
			isa = XCBuildConfiguration;
			buildSettings = {
				ALWAYS_SEARCH_USER_PATHS = NO;
				CLANG_ANALYZER_NONNULL = YES;
				CLANG_ANALYZER_NUMBER_OBJECT_CONVERSION = YES_AGGRESSIVE;
				CLANG_CXX_LANGUAGE_STANDARD = "gnu++14";
				CLANG_CXX_LIBRARY = "libc++";
				CLANG_ENABLE_MODULES = YES;
				CLANG_ENABLE_OBJC_ARC = YES;
				CLANG_ENABLE_OBJC_WEAK = YES;
				CLANG_WARN_BLOCK_CAPTURE_AUTORELEASING = YES;
				CLANG_WARN_BOOL_CONVERSION = YES;
				CLANG_WARN_COMMA = YES;
				CLANG_WARN_CONSTANT_CONVERSION = YES;
				CLANG_WARN_DEPRECATED_OBJC_IMPLEMENTATIONS = YES;
				CLANG_WARN_DIRECT_OBJC_ISA_USAGE = YES_ERROR;
				CLANG_WARN_DOCUMENTATION_COMMENTS = YES;
				CLANG_WARN_EMPTY_BODY = YES;
				CLANG_WARN_ENUM_CONVERSION = YES;
				CLANG_WARN_INFINITE_RECURSION = YES;
				CLANG_WARN_INT_CONVERSION = YES;
				CLANG_WARN_NON_LITERAL_NULL_CONVERSION = YES;
				CLANG_WARN_OBJC_IMPLICIT_RETAIN_SELF = YES;
				CLANG_WARN_OBJC_LITERAL_CONVERSION = YES;
				CLANG_WARN_OBJC_ROOT_CLASS = YES_ERROR;
				CLANG_WARN_QUOTED_INCLUDE_IN_FRAMEWORK_HEADER = YES;
				CLANG_WARN_RANGE_LOOP_ANALYSIS = YES;
				CLANG_WARN_STRICT_PROTOTYPES = YES;
				CLANG_WARN_SUSPICIOUS_MOVE = YES;
				CLANG_WARN_UNGUARDED_AVAILABILITY = YES_AGGRESSIVE;
				CLANG_WARN_UNREACHABLE_CODE = YES;
				CLANG_WARN__DUPLICATE_METHOD_MATCH = YES;
				COPY_PHASE_STRIP = NO;
				DEBUG_INFORMATION_FORMAT = dwarf;
				ENABLE_STRICT_OBJC_MSGSEND = YES;
				ENABLE_TESTABILITY = YES;
				GCC_C_LANGUAGE_STANDARD = gnu11;
				GCC_DYNAMIC_NO_PIC = NO;
				GCC_NO_COMMON_BLOCKS = YES;
				GCC_OPTIMIZATION_LEVEL = 0;
				GCC_PREPROCESSOR_DEFINITIONS = (
					"DEBUG=1",
					"$(inherited)",
				);
				GCC_WARN_64_TO_32_BIT_CONVERSION = YES;
				GCC_WARN_ABOUT_RETURN_TYPE = YES_ERROR;
				GCC_WARN_UNDECLARED_SELECTOR = YES;
				GCC_WARN_UNINITIALIZED_AUTOS = YES_AGGRESSIVE;
				GCC_WARN_UNUSED_FUNCTION = YES;
				GCC_WARN_UNUSED_VARIABLE = YES;
				IPHONEOS_DEPLOYMENT_TARGET = 14.1;
				MTL_ENABLE_DEBUG_INFO = INCLUDE_SOURCE;
				MTL_FAST_MATH = YES;
				ONLY_ACTIVE_ARCH = YES;
				SDKROOT = iphoneos;
				SWIFT_ACTIVE_COMPILATION_CONDITIONS = DEBUG;
				SWIFT_OPTIMIZATION_LEVEL = "-Onone";
			};
			name = Debug;
		};
		EBCEA6D4255F37E600CF6656 /* Release */ = {
			isa = XCBuildConfiguration;
			buildSettings = {
				ALWAYS_SEARCH_USER_PATHS = NO;
				CLANG_ANALYZER_NONNULL = YES;
				CLANG_ANALYZER_NUMBER_OBJECT_CONVERSION = YES_AGGRESSIVE;
				CLANG_CXX_LANGUAGE_STANDARD = "gnu++14";
				CLANG_CXX_LIBRARY = "libc++";
				CLANG_ENABLE_MODULES = YES;
				CLANG_ENABLE_OBJC_ARC = YES;
				CLANG_ENABLE_OBJC_WEAK = YES;
				CLANG_WARN_BLOCK_CAPTURE_AUTORELEASING = YES;
				CLANG_WARN_BOOL_CONVERSION = YES;
				CLANG_WARN_COMMA = YES;
				CLANG_WARN_CONSTANT_CONVERSION = YES;
				CLANG_WARN_DEPRECATED_OBJC_IMPLEMENTATIONS = YES;
				CLANG_WARN_DIRECT_OBJC_ISA_USAGE = YES_ERROR;
				CLANG_WARN_DOCUMENTATION_COMMENTS = YES;
				CLANG_WARN_EMPTY_BODY = YES;
				CLANG_WARN_ENUM_CONVERSION = YES;
				CLANG_WARN_INFINITE_RECURSION = YES;
				CLANG_WARN_INT_CONVERSION = YES;
				CLANG_WARN_NON_LITERAL_NULL_CONVERSION = YES;
				CLANG_WARN_OBJC_IMPLICIT_RETAIN_SELF = YES;
				CLANG_WARN_OBJC_LITERAL_CONVERSION = YES;
				CLANG_WARN_OBJC_ROOT_CLASS = YES_ERROR;
				CLANG_WARN_QUOTED_INCLUDE_IN_FRAMEWORK_HEADER = YES;
				CLANG_WARN_RANGE_LOOP_ANALYSIS = YES;
				CLANG_WARN_STRICT_PROTOTYPES = YES;
				CLANG_WARN_SUSPICIOUS_MOVE = YES;
				CLANG_WARN_UNGUARDED_AVAILABILITY = YES_AGGRESSIVE;
				CLANG_WARN_UNREACHABLE_CODE = YES;
				CLANG_WARN__DUPLICATE_METHOD_MATCH = YES;
				COPY_PHASE_STRIP = NO;
				DEBUG_INFORMATION_FORMAT = "dwarf-with-dsym";
				ENABLE_NS_ASSERTIONS = NO;
				ENABLE_STRICT_OBJC_MSGSEND = YES;
				GCC_C_LANGUAGE_STANDARD = gnu11;
				GCC_NO_COMMON_BLOCKS = YES;
				GCC_WARN_64_TO_32_BIT_CONVERSION = YES;
				GCC_WARN_ABOUT_RETURN_TYPE = YES_ERROR;
				GCC_WARN_UNDECLARED_SELECTOR = YES;
				GCC_WARN_UNINITIALIZED_AUTOS = YES_AGGRESSIVE;
				GCC_WARN_UNUSED_FUNCTION = YES;
				GCC_WARN_UNUSED_VARIABLE = YES;
				IPHONEOS_DEPLOYMENT_TARGET = 14.1;
				MTL_ENABLE_DEBUG_INFO = NO;
				MTL_FAST_MATH = YES;
				SDKROOT = iphoneos;
				SWIFT_COMPILATION_MODE = wholemodule;
				SWIFT_OPTIMIZATION_LEVEL = "-O";
				VALIDATE_PRODUCT = YES;
			};
			name = Release;
		};
		EBCEA6D6255F37E600CF6656 /* Debug */ = {
			isa = XCBuildConfiguration;
			baseConfigurationReference = A3000C3AA25ABEA1213BC5F5 /* Pods-ScavengerHunt.debug.xcconfig */;
			buildSettings = {
				ASSETCATALOG_COMPILER_APPICON_NAME = AppIcon;
				ASSETCATALOG_COMPILER_GLOBAL_ACCENT_COLOR_NAME = AccentColor;
				CODE_SIGN_STYLE = Automatic;
				DEVELOPMENT_TEAM = TXY8Q3X8BQ;
				INFOPLIST_FILE = ScavengerHunt/Info.plist;
				LD_RUNPATH_SEARCH_PATHS = (
					"$(inherited)",
					"@executable_path/Frameworks",
				);
				PRODUCT_BUNDLE_IDENTIFIER = edu.boisestate.ScavengerHunt;
				PRODUCT_NAME = "$(TARGET_NAME)";
				SWIFT_VERSION = 5.0;
				TARGETED_DEVICE_FAMILY = "1,2";
			};
			name = Debug;
		};
		EBCEA6D7255F37E600CF6656 /* Release */ = {
			isa = XCBuildConfiguration;
			baseConfigurationReference = A272AB45A81EF9D834FC4984 /* Pods-ScavengerHunt.release.xcconfig */;
			buildSettings = {
				ASSETCATALOG_COMPILER_APPICON_NAME = AppIcon;
				ASSETCATALOG_COMPILER_GLOBAL_ACCENT_COLOR_NAME = AccentColor;
				CODE_SIGN_STYLE = Automatic;
				DEVELOPMENT_TEAM = TXY8Q3X8BQ;
				INFOPLIST_FILE = ScavengerHunt/Info.plist;
				LD_RUNPATH_SEARCH_PATHS = (
					"$(inherited)",
					"@executable_path/Frameworks",
				);
				PRODUCT_BUNDLE_IDENTIFIER = edu.boisestate.ScavengerHunt;
				PRODUCT_NAME = "$(TARGET_NAME)";
				SWIFT_VERSION = 5.0;
				TARGETED_DEVICE_FAMILY = "1,2";
			};
			name = Release;
		};
/* End XCBuildConfiguration section */

/* Begin XCConfigurationList section */
		EBCEA6BC255F37E600CF6656 /* Build configuration list for PBXProject "ScavengerHunt" */ = {
			isa = XCConfigurationList;
			buildConfigurations = (
				EBCEA6D3255F37E600CF6656 /* Debug */,
				EBCEA6D4255F37E600CF6656 /* Release */,
			);
			defaultConfigurationIsVisible = 0;
			defaultConfigurationName = Release;
		};
		EBCEA6D5255F37E600CF6656 /* Build configuration list for PBXNativeTarget "ScavengerHunt" */ = {
			isa = XCConfigurationList;
			buildConfigurations = (
				EBCEA6D6255F37E600CF6656 /* Debug */,
				EBCEA6D7255F37E600CF6656 /* Release */,
			);
			defaultConfigurationIsVisible = 0;
			defaultConfigurationName = Release;
		};
/* End XCConfigurationList section */

/* Begin XCVersionGroup section */
		EBCEA6DC255F38FF00CF6656 /* GeoCache.xcdatamodeld */ = {
			isa = XCVersionGroup;
			children = (
				EBCEA6DD255F38FF00CF6656 /* GeoCache.xcdatamodel */,
			);
			currentVersion = EBCEA6DD255F38FF00CF6656 /* GeoCache.xcdatamodel */;
			path = GeoCache.xcdatamodeld;
			sourceTree = "<group>";
			versionGroupType = wrapper.xcdatamodel;
		};
/* End XCVersionGroup section */
	};
	rootObject = EBCEA6B9255F37E600CF6656 /* Project object */;
}
